{
    "_readme": [
        "This file locks the dependencies of your project to a known state",
        "Read more about it at https://getcomposer.org/doc/01-basic-usage.md#composer-lock-the-lock-file",
        "This file is @generated automatically"
    ],
    "hash": "40987057cbaccbd86505c705552f623d",
    "content-hash": "254f8d3b42c395a881f7f07843b2122d",
    "packages": [
        {
            "name": "gcsystem/framework",
            "version": "dev-master",
            "source": {
                "type": "git",
                "url": "https://github.com/fabsgc/framework.git",
                "reference": "abb2a11300376edfbb8a174f50c52e015b12186a"
            },
            "dist": {
                "type": "zip",
                "url": "https://api.github.com/repos/fabsgc/framework/zipball/abb2a11300376edfbb8a174f50c52e015b12186a",
                "reference": "abb2a11300376edfbb8a174f50c52e015b12186a",
                "shasum": ""
            },
            "require": {
                "php": ">=5.5.12"
            },
            "type": "project",
            "extra": {
                "branch-alias": {
                    "dev-master": "3.1-dev"
                }
            },
            "notification-url": "https://packagist.org/downloads/",
            "license": [
                "MIT"
            ],
            "description": "GCsystem Framework",
            "keywords": [
                "framework",
                "gcsystem"
            ],
            "time": "2016-05-16 20:40:14"
        },
        {
            "name": "gcsystem/scaffolding",
            "version": "dev-master",
            "source": {
                "type": "git",
                "url": "https://github.com/fabsgc/scaffolding.git",
                "reference": "07ce2dba2b5b1d1f3d012744e0119f8f148b6ae6"
            },
            "dist": {
                "type": "zip",
                "url": "https://api.github.com/repos/fabsgc/scaffolding/zipball/07ce2dba2b5b1d1f3d012744e0119f8f148b6ae6",
                "reference": "07ce2dba2b5b1d1f3d012744e0119f8f148b6ae6",
                "shasum": ""
            },
            "require": {
                "php": ">=5.5.12"
            },
            "type": "project",
            "extra": {
                "branch-alias": {
                    "dev-master": "1.0-dev"
                }
            },
            "autoload": {
                "psr-4": {
                    "Scaffolding\\": "src"
                }
            },
            "notification-url": "https://packagist.org/downloads/",
            "license": [
                "MIT"
            ],
            "description": "GCsystem Framework scaffolding plugin",
            "keywords": [
                "framework",
                "gcsystem"
            ],
            "time": "2016-05-20 22:08:13"
        }
    ],
    "packages-dev": [],
    "aliases": [],
    "minimum-stability": "dev",
    "stability-flags": {
        "gcsystem/framework": 20,
        "gcsystem/scaffolding": 20
    },
    "prefer-stable": false,
    "prefer-lowest": false,
    "platform": {
        "php": ">=5.5.12"
    },
    "platform-dev": []
}
