{
    "_readme": [
        "This file locks the dependencies of your project to a known state",
        "Read more about it at https://getcomposer.org/doc/01-basic-usage.md#composer-lock-the-lock-file",
        "This file is @generated automatically"
    ],
    "hash": "40987057cbaccbd86505c705552f623d",
    "content-hash": "254f8d3b42c395a881f7f07843b2122d",
    "packages": [
        {
            "name": "gcsystem/framework",
            "version": "dev-master",
            "source": {
                "type": "git",
                "url": "https://github.com/fabsgc/framework.git",
                "reference": "0273375a7afe54a306f616b8932a1d7f9c1d99d7"
            },
            "dist": {
                "type": "zip",
                "url": "https://api.github.com/repos/fabsgc/framework/zipball/0273375a7afe54a306f616b8932a1d7f9c1d99d7",
                "reference": "0273375a7afe54a306f616b8932a1d7f9c1d99d7",
                "shasum": ""
            },
            "require": {
                "php": ">=5.5.12"
            },
            "type": "project",
            "extra": {
                "branch-alias": {
                    "dev-master": "3.1-dev"
                }
            },
            "notification-url": "https://packagist.org/downloads/",
            "license": [
                "MIT"
            ],
            "description": "GCsystem Framework",
            "keywords": [
                "framework",
                "gcsystem"
            ],
            "time": "2016-07-09 02:42:14"
        },
        {
            "name": "gcsystem/scaffolding",
            "version": "dev-master",
            "source": {
                "type": "git",
                "url": "https://github.com/fabsgc/scaffolding.git",
                "reference": "573e021c1c88d1174720d57057b7c7f8d690ffc4"
            },
            "dist": {
                "type": "zip",
                "url": "https://api.github.com/repos/fabsgc/scaffolding/zipball/573e021c1c88d1174720d57057b7c7f8d690ffc4",
                "reference": "573e021c1c88d1174720d57057b7c7f8d690ffc4",
                "shasum": ""
            },
            "require": {
                "php": ">=5.5.12"
            },
            "type": "project",
            "extra": {
                "branch-alias": {
                    "dev-master": "1.0-dev"
                }
            },
            "autoload": {
                "psr-4": {
                    "Scaffolding\\": "src"
                }
            },
            "notification-url": "https://packagist.org/downloads/",
            "license": [
                "MIT"
            ],
            "description": "GCsystem Framework scaffolding plugin",
            "keywords": [
                "framework",
                "gcsystem"
            ],
            "time": "2016-07-09 02:41:01"
        }
    ],
    "packages-dev": [],
    "aliases": [],
    "minimum-stability": "dev",
    "stability-flags": {
        "gcsystem/framework": 20,
        "gcsystem/scaffolding": 20
    },
    "prefer-stable": false,
    "prefer-lowest": false,
    "platform": {
        "php": ">=5.5.12"
    },
    "platform-dev": []
}
